
Microsoft Visual Studio Solution File, Format Version 12.00
# Visual Studio Version 16
VisualStudioVersion = 16.0.29613.14
MinimumVisualStudioVersion = 10.0.40219.1
Project("{FAE04EC0-301F-11D3-BF4B-00C04F79EFBC}") = "TencentCloudHelper", "TencentCloudHelper.csproj", "{90E1DBBC-D853-4A0E-BBAE-E2D0745F55E0}"
EndProject
Global
	GlobalSection(SolutionConfigurationPlatforms) = preSolution
		Debug|Any CPU = Debug|Any CPU
		Release|Any CPU = Release|Any CPU
	EndGlobalSection
	GlobalSection(ProjectConfigurationPlatforms) = postSolution
		{90E1DBBC-D853-4A0E-BBAE-E2D0745F55E0}.Debug|Any CPU.ActiveCfg = Debug|Any CPU
		{90E1DBBC-D853-4A0E-BBAE-E2D0745F55E0}.Debug|Any CPU.Build.0 = Debug|Any CPU
		{90E1DBBC-D853-4A0E-BBAE-E2D0745F55E0}.Release|Any CPU.ActiveCfg = Release|Any CPU
		{90E1DBBC-D853-4A0E-BBAE-E2D0745F55E0}.Release|Any CPU.Build.0 = Release|Any CPU
	EndGlobalSection
	GlobalSection(SolutionProperties) = preSolution
		HideSolutionNode = FALSE
	EndGlobalSection
	GlobalSection(ExtensibilityGlobals) = postSolution
		SolutionGuid = {4D3D280B-10CC-4DCC-83CB-444A0DBF76BC}
	EndGlobalSection
EndGlobal
